{
    "name": "@keeper-security/keeper-sdk-javascript",
    "version": "1.0.0",
    "lockfileVersion": 3,
    "requires": true,
    "packages": {
        "": {
            "name": "@keeper-security/keeper-sdk-javascript",
            "version": "1.0.0",
            "dependencies": {
                "@keeper-security/keeperapi": "file:../keeperapi",
                "typescript": "^4.6.3"
            },
            "devDependencies": {
                "@types/node": "^25.6.0",
                "prettier": "^3.8.1"
            }
        },
        "../keeperapi": {
            "name": "@keeper-security/keeperapi",
            "version": "17.1.2",
            "license": "ISC",
            "dependencies": {
                "@noble/post-quantum": "^0.5.2",
                "asmcrypto.js": "^2.3.2",
                "faye-websocket": "^0.11.3",
                "form-data": "^4.0.4",
                "node-rsa": "^1.0.8"
            },
            "devDependencies": {
                "@babel/preset-env": "^7.23.5",
                "@babel/preset-typescript": "^7.23.3",
                "@rollup/plugin-commonjs": "^22.0.1",
                "@rollup/plugin-node-resolve": "^13.3.0",
                "@types/jest": "^24.0.15",
                "@types/node": "^20.9.1",
                "jest": "^29.6.1",
                "jest-environment-jsdom": "^29.7.0",
                "prettier": "^3.8.1",
                "protobufjs": "^7.2.4",
                "protobufjs-cli": "^1.1.1",
                "rollup": "^2.79.2",
                "rollup-plugin-typescript2": "^0.32.1",
                "ts-jest": "^29.1.1",
                "ts-node": "^8.10.2",
                "typescript": "^4.0.1"
            }
        },
        "node_modules/@keeper-security/keeperapi": {
            "resolved": "../keeperapi",
            "link": true
        },
        "node_modules/@types/node": {
            "version": "25.6.2",
            "resolved": "https://registry.npmjs.org/@types/node/-/node-25.6.2.tgz",
            "integrity": "sha512-sokuT28dxf9JT5Kady1fsXOvI4HVpjZa95NKT5y9PNTIrs2AsobR4GFAA90ZG8M+nxVRLysCXsVj6eGC7Vbrlw==",
            "dev": true,
            "license": "MIT",
            "dependencies": {
                "undici-types": "~7.19.0"
            }
        },
        "node_modules/prettier": {
            "version": "3.8.3",
            "resolved": "https://registry.npmjs.org/prettier/-/prettier-3.8.3.tgz",
            "integrity": "sha512-7igPTM53cGHMW8xWuVTydi2KO233VFiTNyF5hLJqpilHfmn8C8gPf+PS7dUT64YcXFbiMGZxS9pCSxL/Dxm/Jw==",
            "dev": true,
            "license": "MIT",
            "bin": {
                "prettier": "bin/prettier.cjs"
            },
            "engines": {
                "node": ">=14"
            },
            "funding": {
                "url": "https://github.com/prettier/prettier?sponsor=1"
            }
        },
        "node_modules/typescript": {
            "version": "4.9.5",
            "resolved": "https://registry.npmjs.org/typescript/-/typescript-4.9.5.tgz",
            "integrity": "sha512-1FXk9E2Hm+QzZQ7z+McJiHL4NW1F2EzMu9Nq9i3zAaGqibafqYwCVU6WyWAuyQRRzOlxou8xZSyXLEN8oKj24g==",
            "license": "Apache-2.0",
            "bin": {
                "tsc": "bin/tsc",
                "tsserver": "bin/tsserver"
            },
            "engines": {
                "node": ">=4.2.0"
            }
        },
        "node_modules/undici-types": {
            "version": "7.19.2",
            "resolved": "https://registry.npmjs.org/undici-types/-/undici-types-7.19.2.tgz",
            "integrity": "sha512-qYVnV5OEm2AW8cJMCpdV20CDyaN3g0AjDlOGf1OW4iaDEx8MwdtChUp4zu4H0VP3nDRF/8RKWH+IPp9uW0YGZg==",
            "dev": true,
            "license": "MIT"
        }
    }
}
